{
  "name": "@advanced-rest-client/response-status-view",
  "version": "3.0.4",
  "lockfileVersion": 1,
  "requires": true,
  "dependencies": {
    "@advanced-rest-client/arc-icons": {
      "version": "3.1.2",
      "resolved": "https://registry.npmjs.org/@advanced-rest-client/arc-icons/-/arc-icons-3.1.2.tgz",
      "integrity": "sha512-tcEc7vIzgSPu3uWycvxXcrecl5aoXzXQPbpDGKEhL7k6rFH3h6QmPwNC+AQmYpBhJcVKRVuY42zcX+uXb92GYQ==",
      "requires": {
        "lit-element": "^2.4.0",
        "lit-html": "^1.3.0"
      }
    },
    "@advanced-rest-client/arc-resizable-mixin": {
      "version": "1.1.2",
      "resolved": "https://registry.npmjs.org/@advanced-rest-client/arc-resizable-mixin/-/arc-resizable-mixin-1.1.2.tgz",
      "integrity": "sha512-DoMv8SXqTAiy6u10XoFlSYF0dt/IZx1NUq4SoLWqR2SRi/7xFH9ZHg20BrpBy1mcoewxa1Mf+C8y4sNn/k/9WA==",
      "requires": {
        "@open-wc/dedupe-mixin": "^1.3.0"
      }
    },
    "@advanced-rest-client/date-time": {
      "version": "3.0.2",
      "resolved": "https://registry.npmjs.org/@advanced-rest-client/date-time/-/date-time-3.0.2.tgz",
      "integrity": "sha512-e5hJSVex/EHMo0YWZprOZUQs4KO/Bkt0KAUzjGrOZbpoafuK1Zs1Szu52KtEh7iui9jaTloWqhasrpnkqsgMDQ=="
    },
    "@advanced-rest-client/headers-list-view": {
      "version": "3.0.3",
      "resolved": "https://registry.npmjs.org/@advanced-rest-client/headers-list-view/-/headers-list-view-3.0.3.tgz",
      "integrity": "sha512-PqDjw/W0OvdBqwkZcllUVsNN65Rh3RX8lr2NWxOJbGynRwo0lta6fiAG+Pr52w9USjDN1MlYPfW690EAMUM7kw==",
      "requires": {
        "@advanced-rest-client/headers-parser-mixin": "^3.0.0",
        "lit-element": "^2.2.1"
      }
    },
    "@advanced-rest-client/headers-parser-mixin": {
      "version": "3.2.0",
      "resolved": "https://registry.npmjs.org/@advanced-rest-client/headers-parser-mixin/-/headers-parser-mixin-3.2.0.tgz",
      "integrity": "sha512-/kpQtZ4xZGuISolGekDyVO/WLRc/nYCYSpk2FMUbtn1X6mU52xzuVObnCbX4ySCrwjztEpXlu0h3si/UwXqJBw==",
      "requires": {
        "@open-wc/dedupe-mixin": "^1.2.17"
      }
    },
    "@advanced-rest-client/request-timings": {
      "version": "3.0.2",
      "resolved": "https://registry.npmjs.org/@advanced-rest-client/request-timings/-/request-timings-3.0.2.tgz",
      "integrity": "sha512-urTf0ZV1ZoMJeddDVz00+5EVL0nJq1i8vrX8UMlT2w8AsKh+i8kn1cSjOCNuVPaFQ7ZWu4inHHYxxXlIaNlx8w==",
      "requires": {
        "@advanced-rest-client/date-time": "^3.0.2",
        "@polymer/paper-progress": "^3.0.0",
        "lit-element": "^2.0.1"
      }
    },
    "@anypoint-web-components/anypoint-button": {
      "version": "1.1.1",
      "resolved": "https://registry.npmjs.org/@anypoint-web-components/anypoint-button/-/anypoint-button-1.1.1.tgz",
      "integrity": "sha512-S+cfMd5GRepD+133ajGwCNGG+nzTQnH88kcXzbG+Nsl2yC7FQRNNO6N0VQFsfuRl7e+FwWAp3W2iM/HxoAO1kg==",
      "requires": {
        "@anypoint-web-components/anypoint-control-mixins": "^1.1.1",
        "@polymer/paper-ripple": "^3.0.2",
        "lit-element": "^2.3.1"
      }
    },
    "@anypoint-web-components/anypoint-control-mixins": {
      "version": "1.1.3",
      "resolved": "https://registry.npmjs.org/@anypoint-web-components/anypoint-control-mixins/-/anypoint-control-mixins-1.1.3.tgz",
      "integrity": "sha512-LRhwEav2ZpDBRKiGo3Upu4B0ur/j8+2JxeqHGwxcXc8ORuiJLVxcorURuKhLyvEjk5fP5pI0S0KGIUj66N1KQg==",
      "requires": {
        "@open-wc/dedupe-mixin": "^1.3.0"
      }
    },
    "@anypoint-web-components/anypoint-menu-mixin": {
      "version": "1.1.7",
      "resolved": "https://registry.npmjs.org/@anypoint-web-components/anypoint-menu-mixin/-/anypoint-menu-mixin-1.1.7.tgz",
      "integrity": "sha512-yw4Cb3kU2TJSKGlkz1gvJG+vlZQ9NcCzwjSXabAWf8zV2bUIlNry97wYgof00t3Ql6VUW+wSnLVyKZxzrzN41Q==",
      "requires": {
        "@anypoint-web-components/anypoint-selector": "^1.1.5",
        "@open-wc/dedupe-mixin": "^1.3.0",
        "lit-element": "^2.4.0",
        "lit-html": "^1.3.0"
      }
    },
    "@anypoint-web-components/anypoint-selector": {
      "version": "1.1.5",
      "resolved": "https://registry.npmjs.org/@anypoint-web-components/anypoint-selector/-/anypoint-selector-1.1.5.tgz",
      "integrity": "sha512-gxTifvN5Xy42J4qIAFqfB3w0TnIa8obnIdt6BI46CErITVddRKyHVv9HmbNFZzdQEpDZ0LOq03EUTX0HW9nhKw==",
      "requires": {
        "@open-wc/dedupe-mixin": "^1.3.0",
        "lit-element": "^2.4.0",
        "lit-html": "^1.3.0"
      }
    },
    "@anypoint-web-components/anypoint-tabs": {
      "version": "0.1.12",
      "resolved": "https://registry.npmjs.org/@anypoint-web-components/anypoint-tabs/-/anypoint-tabs-0.1.12.tgz",
      "integrity": "sha512-t3Qe9JPRJCof5LMMVDcOqltDnGvpigUboxASVrovuf0iPeDYgPWjJ59pNgeLFnT20LGsZVgEAGWBnOuuK5XGuw==",
      "requires": {
        "@advanced-rest-client/arc-resizable-mixin": "^1.1.1",
        "@anypoint-web-components/anypoint-button": "^1.1.1",
        "@anypoint-web-components/anypoint-control-mixins": "^1.1.2",
        "@anypoint-web-components/anypoint-menu-mixin": "^1.1.7",
        "@polymer/iron-icon": "^3.0.1",
        "@polymer/paper-ripple": "^3.0.2",
        "lit-element": "^2.4.0",
        "lit-html": "^1.3.0"
      }
    },
    "@open-wc/dedupe-mixin": {
      "version": "1.3.0",
      "resolved": "https://registry.npmjs.org/@open-wc/dedupe-mixin/-/dedupe-mixin-1.3.0.tgz",
      "integrity": "sha512-UfdK1MPnR6T7f3svzzYBfu3qBkkZ/KsPhcpc3JYhsUY4hbpwNF9wEQtD4Z+/mRqMTJrKg++YSxIxE0FBhY3RIw=="
    },
    "@polymer/font-roboto": {
      "version": "3.0.2",
      "resolved": "https://registry.npmjs.org/@polymer/font-roboto/-/font-roboto-3.0.2.tgz",
      "integrity": "sha512-tx5TauYSmzsIvmSqepUPDYbs4/Ejz2XbZ1IkD7JEGqkdNUJlh+9KU85G56Tfdk/xjEZ8zorFfN09OSwiMrIQWA=="
    },
    "@polymer/iron-a11y-keys-behavior": {
      "version": "3.0.1",
      "resolved": "https://registry.npmjs.org/@polymer/iron-a11y-keys-behavior/-/iron-a11y-keys-behavior-3.0.1.tgz",
      "integrity": "sha512-lnrjKq3ysbBPT/74l0Fj0U9H9C35Tpw2C/tpJ8a+5g8Y3YJs1WSZYnEl1yOkw6sEyaxOq/1DkzH0+60gGu5/PQ==",
      "requires": {
        "@polymer/polymer": "^3.0.0"
      }
    },
    "@polymer/iron-collapse": {
      "version": "3.0.1",
      "resolved": "https://registry.npmjs.org/@polymer/iron-collapse/-/iron-collapse-3.0.1.tgz",
      "integrity": "sha512-yg6q5ZyckQR9VL9VmLrSTkSFXWy9AcJC8KtnD5cg0EHRPbakE8I9S/gVAgeP4nMWV2a/BjLLC4IBygcCMDhAGw==",
      "requires": {
        "@polymer/iron-resizable-behavior": "^3.0.0-pre.26",
        "@polymer/polymer": "^3.0.0"
      }
    },
    "@polymer/iron-flex-layout": {
      "version": "3.0.1",
      "resolved": "https://registry.npmjs.org/@polymer/iron-flex-layout/-/iron-flex-layout-3.0.1.tgz",
      "integrity": "sha512-7gB869czArF+HZcPTVSgvA7tXYFze9EKckvM95NB7SqYF+NnsQyhoXgKnpFwGyo95lUjUW9TFDLUwDXnCYFtkw==",
      "requires": {
        "@polymer/polymer": "^3.0.0"
      }
    },
    "@polymer/iron-icon": {
      "version": "3.0.1",
      "resolved": "https://registry.npmjs.org/@polymer/iron-icon/-/iron-icon-3.0.1.tgz",
      "integrity": "sha512-QLPwirk+UPZNaLnMew9VludXA4CWUCenRewgEcGYwdzVgDPCDbXxy6vRJjmweZobMQv/oVLppT2JZtJFnPxX6g==",
      "requires": {
        "@polymer/iron-flex-layout": "^3.0.0-pre.26",
        "@polymer/iron-meta": "^3.0.0-pre.26",
        "@polymer/polymer": "^3.0.0"
      }
    },
    "@polymer/iron-meta": {
      "version": "3.0.1",
      "resolved": "https://registry.npmjs.org/@polymer/iron-meta/-/iron-meta-3.0.1.tgz",
      "integrity": "sha512-pWguPugiLYmWFV9UWxLWzZ6gm4wBwQdDy4VULKwdHCqR7OP7u98h+XDdGZsSlDPv6qoryV/e3tGHlTIT0mbzJA==",
      "requires": {
        "@polymer/polymer": "^3.0.0"
      }
    },
    "@polymer/iron-range-behavior": {
      "version": "3.0.1",
      "resolved": "https://registry.npmjs.org/@polymer/iron-range-behavior/-/iron-range-behavior-3.0.1.tgz",
      "integrity": "sha512-+jtL9v45M/T1RJleWyQaNH84S9/mIIR+AjNbYIttbKGp1eG+98j8MDWe7LXNtg79V2LQnE/+VS82cBeELyGVeg==",
      "requires": {
        "@polymer/polymer": "^3.0.0"
      }
    },
    "@polymer/iron-resizable-behavior": {
      "version": "3.0.1",
      "resolved": "https://registry.npmjs.org/@polymer/iron-resizable-behavior/-/iron-resizable-behavior-3.0.1.tgz",
      "integrity": "sha512-FyHxRxFspVoRaeZSWpT3y0C9awomb4tXXolIJcZ7RvXhMP632V5lez+ch5G5SwK0LpnAPkg35eB0LPMFv+YMMQ==",
      "requires": {
        "@polymer/polymer": "^3.0.0"
      }
    },
    "@polymer/paper-progress": {
      "version": "3.0.1",
      "resolved": "https://registry.npmjs.org/@polymer/paper-progress/-/paper-progress-3.0.1.tgz",
      "integrity": "sha512-5nguG+tmnyoaWKVNG8Smtno2uLSPBgEsT3f20JY8yJTjUBYWaqa8E3l5RLkTRXgA4x9OnvLb8/CdlQWXQIogBg==",
      "requires": {
        "@polymer/iron-flex-layout": "^3.0.0-pre.26",
        "@polymer/iron-range-behavior": "^3.0.0-pre.26",
        "@polymer/paper-styles": "^3.0.0-pre.26",
        "@polymer/polymer": "^3.0.0"
      }
    },
    "@polymer/paper-ripple": {
      "version": "3.0.2",
      "resolved": "https://registry.npmjs.org/@polymer/paper-ripple/-/paper-ripple-3.0.2.tgz",
      "integrity": "sha512-DnLNvYIMsiayeICroYxx6Q6Hg1cUU8HN2sbutXazlemAlGqdq80qz3TIaVdbpbt/pvjcFGX2HtntMlPstCge8Q==",
      "requires": {
        "@polymer/iron-a11y-keys-behavior": "^3.0.0-pre.26",
        "@polymer/polymer": "^3.0.0"
      }
    },
    "@polymer/paper-styles": {
      "version": "3.0.1",
      "resolved": "https://registry.npmjs.org/@polymer/paper-styles/-/paper-styles-3.0.1.tgz",
      "integrity": "sha512-y6hmObLqlCx602TQiSBKHqjwkE7xmDiFkoxdYGaNjtv4xcysOTdVJsDR/R9UHwIaxJ7gHlthMSykir1nv78++g==",
      "requires": {
        "@polymer/font-roboto": "^3.0.1",
        "@polymer/iron-flex-layout": "^3.0.0-pre.26",
        "@polymer/polymer": "^3.0.0"
      }
    },
    "@polymer/polymer": {
      "version": "3.4.1",
      "resolved": "https://registry.npmjs.org/@polymer/polymer/-/polymer-3.4.1.tgz",
      "integrity": "sha512-KPWnhDZibtqKrUz7enIPOiO4ZQoJNOuLwqrhV2MXzIt3VVnUVJVG5ORz4Z2sgO+UZ+/UZnPD0jqY+jmw/+a9mQ==",
      "requires": {
        "@webcomponents/shadycss": "^1.9.1"
      }
    },
    "@webcomponents/shadycss": {
      "version": "1.10.1",
      "resolved": "https://registry.npmjs.org/@webcomponents/shadycss/-/shadycss-1.10.1.tgz",
      "integrity": "sha512-XEVDA7oH6o4Au9apyRDucjcIzvP44Ur4sqTMGRKCcE6sCAeKiOkRE03TCYNJAFkzckMWWT8Xx3IxG3iwjAcsRQ=="
    },
    "lit-element": {
      "version": "2.4.0",
      "resolved": "https://registry.npmjs.org/lit-element/-/lit-element-2.4.0.tgz",
      "integrity": "sha512-pBGLglxyhq/Prk2H91nA0KByq/hx/wssJBQFiYqXhGDvEnY31PRGYf1RglVzyLeRysu0IHm2K0P196uLLWmwFg==",
      "requires": {
        "lit-html": "^1.1.1"
      }
    },
    "lit-html": {
      "version": "1.3.0",
      "resolved": "https://registry.npmjs.org/lit-html/-/lit-html-1.3.0.tgz",
      "integrity": "sha512-0Q1bwmaFH9O14vycPHw8C/IeHMk/uSDldVLIefu/kfbTBGIc44KGH6A8p1bDfxUfHdc8q6Ct7kQklWoHgr4t1Q=="
    }
  }
}
